
Microsoft Visual Studio Solution File, Format Version 12.00
# Visual Studio Version 16
VisualStudioVersion = 16.0.29509.3
MinimumVisualStudioVersion = 10.0.40219.1
Project("{9A19103F-16F7-4668-BE54-9A1E7A4F7556}") = "F29API.Web", "F29API.Web\F29API.Web.csproj", "{2BFD7C88-0E92-4940-87DA-1709B7DB7C5F}"
EndProject
Project("{9A19103F-16F7-4668-BE54-9A1E7A4F7556}") = "F29API", "F29API\F29API.csproj", "{A0626CE0-8883-4C37-8805-E120B1DCAACB}"
EndProject
Global
	GlobalSection(SolutionConfigurationPlatforms) = preSolution
		Debug|Any CPU = Debug|Any CPU
		Release|Any CPU = Release|Any CPU
	EndGlobalSection
	GlobalSection(ProjectConfigurationPlatforms) = postSolution
		{2BFD7C88-0E92-4940-87DA-1709B7DB7C5F}.Debug|Any CPU.ActiveCfg = Debug|Any CPU
		{2BFD7C88-0E92-4940-87DA-1709B7DB7C5F}.Debug|Any CPU.Build.0 = Debug|Any CPU
		{2BFD7C88-0E92-4940-87DA-1709B7DB7C5F}.Release|Any CPU.ActiveCfg = Release|Any CPU
		{2BFD7C88-0E92-4940-87DA-1709B7DB7C5F}.Release|Any CPU.Build.0 = Release|Any CPU
		{A0626CE0-8883-4C37-8805-E120B1DCAACB}.Debug|Any CPU.ActiveCfg = Debug|Any CPU
		{A0626CE0-8883-4C37-8805-E120B1DCAACB}.Debug|Any CPU.Build.0 = Debug|Any CPU
		{A0626CE0-8883-4C37-8805-E120B1DCAACB}.Release|Any CPU.ActiveCfg = Release|Any CPU
		{A0626CE0-8883-4C37-8805-E120B1DCAACB}.Release|Any CPU.Build.0 = Release|Any CPU
	EndGlobalSection
	GlobalSection(SolutionProperties) = preSolution
		HideSolutionNode = FALSE
	EndGlobalSection
	GlobalSection(ExtensibilityGlobals) = postSolution
		SolutionGuid = {64A818E4-671E-4C7F-AF8B-52B9122BE4E3}
	EndGlobalSection
EndGlobal
